// !$*UTF8*$!
{
	archiveVersion = 1;
	classes = {
	};
	objectVersion = 55;
	objects = {

/* Begin PBXBuildFile section */
		04008B882B6E445F003786FA /* AppDelegate.swift in Sources */ = {isa = PBXBuildFile; fileRef = 04008B872B6E445F003786FA /* AppDelegate.swift */; };
		04008B8A2B6E445F003786FA /* SceneDelegate.swift in Sources */ = {isa = PBXBuildFile; fileRef = 04008B892B6E445F003786FA /* SceneDelegate.swift */; };
		04008B8F2B6E445F003786FA /* Main.storyboard in Resources */ = {isa = PBXBuildFile; fileRef = 04008B8D2B6E445F003786FA /* Main.storyboard */; };
		04008B912B6E4460003786FA /* Assets.xcassets in Resources */ = {isa = PBXBuildFile; fileRef = 04008B902B6E4460003786FA /* Assets.xcassets */; };
		04008B942B6E4460003786FA /* LaunchScreen.storyboard in Resources */ = {isa = PBXBuildFile; fileRef = 04008B922B6E4460003786FA /* LaunchScreen.storyboard */; };
		04008BA62B6E460F003786FA /* Product.swift in Sources */ = {isa = PBXBuildFile; fileRef = 04008BA52B6E460F003786FA /* Product.swift */; };
		04008BA82B6E46E5003786FA /* APIManager.swift in Sources */ = {isa = PBXBuildFile; fileRef = 04008BA72B6E46E5003786FA /* APIManager.swift */; };
		04008BAA2B6E4E61003786FA /* Constant.swift in Sources */ = {isa = PBXBuildFile; fileRef = 04008BA92B6E4E61003786FA /* Constant.swift */; };
		041576282B6F490300F799A1 /* ProductViewModel.swift in Sources */ = {isa = PBXBuildFile; fileRef = 041576272B6F490300F799A1 /* ProductViewModel.swift */; };
		0415762A2B6F4FA000F799A1 /* ProductListViewController.swift in Sources */ = {isa = PBXBuildFile; fileRef = 041576292B6F4FA000F799A1 /* ProductListViewController.swift */; };
		0415762D2B6F4FC300F799A1 /* ProductTableViewCell.swift in Sources */ = {isa = PBXBuildFile; fileRef = 0415762B2B6F4FC300F799A1 /* ProductTableViewCell.swift */; };
		0415762E2B6F4FC300F799A1 /* ProductTableViewCell.xib in Resources */ = {isa = PBXBuildFile; fileRef = 0415762C2B6F4FC300F799A1 /* ProductTableViewCell.xib */; };
		043C43882B70F58F007F4977 /* Kingfisher in Frameworks */ = {isa = PBXBuildFile; productRef = 043C43872B70F58F007F4977 /* Kingfisher */; };
		043C438A2B70FB6F007F4977 /* UIImageView+Extensions.swift in Sources */ = {isa = PBXBuildFile; fileRef = 043C43892B70FB6F007F4977 /* UIImageView+Extensions.swift */; };
/* End PBXBuildFile section */

/* Begin PBXFileReference section */
		04008B842B6E445F003786FA /* MVVM_Demo_Practice.app */ = {isa = PBXFileReference; explicitFileType = wrapper.application; includeInIndex = 0; path = MVVM_Demo_Practice.app; sourceTree = BUILT_PRODUCTS_DIR; };
		04008B872B6E445F003786FA /* AppDelegate.swift */ = {isa = PBXFileReference; lastKnownFileType = sourcecode.swift; path = AppDelegate.swift; sourceTree = "<group>"; };
		04008B892B6E445F003786FA /* SceneDelegate.swift */ = {isa = PBXFileReference; lastKnownFileType = sourcecode.swift; path = SceneDelegate.swift; sourceTree = "<group>"; };
		04008B8E2B6E445F003786FA /* Base */ = {isa = PBXFileReference; lastKnownFileType = file.storyboard; name = Base; path = Base.lproj/Main.storyboard; sourceTree = "<group>"; };
		04008B902B6E4460003786FA /* Assets.xcassets */ = {isa = PBXFileReference; lastKnownFileType = folder.assetcatalog; path = Assets.xcassets; sourceTree = "<group>"; };
		04008B932B6E4460003786FA /* Base */ = {isa = PBXFileReference; lastKnownFileType = file.storyboard; name = Base; path = Base.lproj/LaunchScreen.storyboard; sourceTree = "<group>"; };
		04008B952B6E4460003786FA /* Info.plist */ = {isa = PBXFileReference; lastKnownFileType = text.plist.xml; path = Info.plist; sourceTree = "<group>"; };
		04008BA52B6E460F003786FA /* Product.swift */ = {isa = PBXFileReference; lastKnownFileType = sourcecode.swift; path = Product.swift; sourceTree = "<group>"; };
		04008BA72B6E46E5003786FA /* APIManager.swift */ = {isa = PBXFileReference; lastKnownFileType = sourcecode.swift; path = APIManager.swift; sourceTree = "<group>"; };
		04008BA92B6E4E61003786FA /* Constant.swift */ = {isa = PBXFileReference; lastKnownFileType = sourcecode.swift; path = Constant.swift; sourceTree = "<group>"; };
		041576272B6F490300F799A1 /* ProductViewModel.swift */ = {isa = PBXFileReference; lastKnownFileType = sourcecode.swift; path = ProductViewModel.swift; sourceTree = "<group>"; };
		041576292B6F4FA000F799A1 /* ProductListViewController.swift */ = {isa = PBXFileReference; lastKnownFileType = sourcecode.swift; path = ProductListViewController.swift; sourceTree = "<group>"; };
		0415762B2B6F4FC300F799A1 /* ProductTableViewCell.swift */ = {isa = PBXFileReference; lastKnownFileType = sourcecode.swift; path = ProductTableViewCell.swift; sourceTree = "<group>"; };
		0415762C2B6F4FC300F799A1 /* ProductTableViewCell.xib */ = {isa = PBXFileReference; lastKnownFileType = file.xib; path = ProductTableViewCell.xib; sourceTree = "<group>"; };
		043C43892B70FB6F007F4977 /* UIImageView+Extensions.swift */ = {isa = PBXFileReference; lastKnownFileType = sourcecode.swift; path = "UIImageView+Extensions.swift"; sourceTree = "<group>"; };
/* End PBXFileReference section */

/* Begin PBXFrameworksBuildPhase section */
		04008B812B6E445F003786FA /* Frameworks */ = {
			isa = PBXFrameworksBuildPhase;
			buildActionMask = 2147483647;
			files = (
				043C43882B70F58F007F4977 /* Kingfisher in Frameworks */,
			);
			runOnlyForDeploymentPostprocessing = 0;
		};
/* End PBXFrameworksBuildPhase section */

/* Begin PBXGroup section */
		04008B7B2B6E445F003786FA = {
			isa = PBXGroup;
			children = (
				04008B862B6E445F003786FA /* MVVM_Demo_Practice */,
				04008B852B6E445F003786FA /* Products */,
			);
			sourceTree = "<group>";
		};
		04008B852B6E445F003786FA /* Products */ = {
			isa = PBXGroup;
			children = (
				04008B842B6E445F003786FA /* MVVM_Demo_Practice.app */,
			);
			name = Products;
			sourceTree = "<group>";
		};
		04008B862B6E445F003786FA /* MVVM_Demo_Practice */ = {
			isa = PBXGroup;
			children = (
				04008BA12B6E44FA003786FA /* Application */,
				04008BA02B6E44F7003786FA /* Constant */,
				04008B9F2B6E44F3003786FA /* Extension */,
				04008B9E2B6E44F1003786FA /* Helper */,
				04008B9D2B6E44EF003786FA /* Screen */,
				04008B9C2B6E44E3003786FA /* Storyboard */,
				04008B9B2B6E44E0003786FA /* Resources */,
				04008B952B6E4460003786FA /* Info.plist */,
			);
			path = MVVM_Demo_Practice;
			sourceTree = "<group>";
		};
		04008B9B2B6E44E0003786FA /* Resources */ = {
			isa = PBXGroup;
			children = (
				04008B902B6E4460003786FA /* Assets.xcassets */,
			);
			path = Resources;
			sourceTree = "<group>";
		};
		04008B9C2B6E44E3003786FA /* Storyboard */ = {
			isa = PBXGroup;
			children = (
				04008B8D2B6E445F003786FA /* Main.storyboard */,
				04008B922B6E4460003786FA /* LaunchScreen.storyboard */,
			);
			path = Storyboard;
			sourceTree = "<group>";
		};
		04008B9D2B6E44EF003786FA /* Screen */ = {
			isa = PBXGroup;
			children = (
				04008BA42B6E45EC003786FA /* Model */,
				04008BA32B6E45E9003786FA /* View */,
				04008BA22B6E45E7003786FA /* ViewModel */,
			);
			path = Screen;
			sourceTree = "<group>";
		};
		04008B9E2B6E44F1003786FA /* Helper */ = {
			isa = PBXGroup;
			children = (
				04008BA72B6E46E5003786FA /* APIManager.swift */,
			);
			path = Helper;
			sourceTree = "<group>";
		};
		04008B9F2B6E44F3003786FA /* Extension */ = {
			isa = PBXGroup;
			children = (
				043C43892B70FB6F007F4977 /* UIImageView+Extensions.swift */,
			);
			path = Extension;
			sourceTree = "<group>";
		};
		04008BA02B6E44F7003786FA /* Constant */ = {
			isa = PBXGroup;
			children = (
				04008BA92B6E4E61003786FA /* Constant.swift */,
			);
			path = Constant;
			sourceTree = "<group>";
		};
		04008BA12B6E44FA003786FA /* Application */ = {
			isa = PBXGroup;
			children = (
				04008B872B6E445F003786FA /* AppDelegate.swift */,
				04008B892B6E445F003786FA /* SceneDelegate.swift */,
			);
			path = Application;
			sourceTree = "<group>";
		};
		04008BA22B6E45E7003786FA /* ViewModel */ = {
			isa = PBXGroup;
			children = (
				041576272B6F490300F799A1 /* ProductViewModel.swift */,
			);
			path = ViewModel;
			sourceTree = "<group>";
		};
		04008BA32B6E45E9003786FA /* View */ = {
			isa = PBXGroup;
			children = (
				041576292B6F4FA000F799A1 /* ProductListViewController.swift */,
				0415762B2B6F4FC300F799A1 /* ProductTableViewCell.swift */,
				0415762C2B6F4FC300F799A1 /* ProductTableViewCell.xib */,
			);
			path = View;
			sourceTree = "<group>";
		};
		04008BA42B6E45EC003786FA /* Model */ = {
			isa = PBXGroup;
			children = (
				04008BA52B6E460F003786FA /* Product.swift */,
			);
			path = Model;
			sourceTree = "<group>";
		};
/* End PBXGroup section */

/* Begin PBXNativeTarget section */
		04008B832B6E445F003786FA /* MVVM_Demo_Practice */ = {
			isa = PBXNativeTarget;
			buildConfigurationList = 04008B982B6E4460003786FA /* Build configuration list for PBXNativeTarget "MVVM_Demo_Practice" */;
			buildPhases = (
				04008B802B6E445F003786FA /* Sources */,
				04008B812B6E445F003786FA /* Frameworks */,
				04008B822B6E445F003786FA /* Resources */,
			);
			buildRules = (
			);
			dependencies = (
			);
			name = MVVM_Demo_Practice;
			packageProductDependencies = (
				043C43872B70F58F007F4977 /* Kingfisher */,
			);
			productName = MVVM_Demo_Practice;
			productReference = 04008B842B6E445F003786FA /* MVVM_Demo_Practice.app */;
			productType = "com.apple.product-type.application";
		};
/* End PBXNativeTarget section */

/* Begin PBXProject section */
		04008B7C2B6E445F003786FA /* Project object */ = {
			isa = PBXProject;
			attributes = {
				BuildIndependentTargetsInParallel = 1;
				LastSwiftUpdateCheck = 1340;
				LastUpgradeCheck = 1340;
				TargetAttributes = {
					04008B832B6E445F003786FA = {
						CreatedOnToolsVersion = 13.4.1;
					};
				};
			};
			buildConfigurationList = 04008B7F2B6E445F003786FA /* Build configuration list for PBXProject "MVVM_Demo_Practice" */;
			compatibilityVersion = "Xcode 13.0";
			developmentRegion = en;
			hasScannedForEncodings = 0;
			knownRegions = (
				en,
				Base,
			);
			mainGroup = 04008B7B2B6E445F003786FA;
			packageReferences = (
				043C43862B70F58F007F4977 /* XCRemoteSwiftPackageReference "Kingfisher" */,
			);
			productRefGroup = 04008B852B6E445F003786FA /* Products */;
			projectDirPath = "";
			projectRoot = "";
			targets = (
				04008B832B6E445F003786FA /* MVVM_Demo_Practice */,
			);
		};
/* End PBXProject section */

/* Begin PBXResourcesBuildPhase section */
		04008B822B6E445F003786FA /* Resources */ = {
			isa = PBXResourcesBuildPhase;
			buildActionMask = 2147483647;
			files = (
				04008B942B6E4460003786FA /* LaunchScreen.storyboard in Resources */,
				0415762E2B6F4FC300F799A1 /* ProductTableViewCell.xib in Resources */,
				04008B912B6E4460003786FA /* Assets.xcassets in Resources */,
				04008B8F2B6E445F003786FA /* Main.storyboard in Resources */,
			);
			runOnlyForDeploymentPostprocessing = 0;
		};
/* End PBXResourcesBuildPhase section */

/* Begin PBXSourcesBuildPhase section */
		04008B802B6E445F003786FA /* Sources */ = {
			isa = PBXSourcesBuildPhase;
			buildActionMask = 2147483647;
			files = (
				04008BA82B6E46E5003786FA /* APIManager.swift in Sources */,
				0415762D2B6F4FC300F799A1 /* ProductTableViewCell.swift in Sources */,
				04008BA62B6E460F003786FA /* Product.swift in Sources */,
				043C438A2B70FB6F007F4977 /* UIImageView+Extensions.swift in Sources */,
				0415762A2B6F4FA000F799A1 /* ProductListViewController.swift in Sources */,
				041576282B6F490300F799A1 /* ProductViewModel.swift in Sources */,
				04008BAA2B6E4E61003786FA /* Constant.swift in Sources */,
				04008B882B6E445F003786FA /* AppDelegate.swift in Sources */,
				04008B8A2B6E445F003786FA /* SceneDelegate.swift in Sources */,
			);
			runOnlyForDeploymentPostprocessing = 0;
		};
/* End PBXSourcesBuildPhase section */

/* Begin PBXVariantGroup section */
		04008B8D2B6E445F003786FA /* Main.storyboard */ = {
			isa = PBXVariantGroup;
			children = (
				04008B8E2B6E445F003786FA /* Base */,
			);
			name = Main.storyboard;
			sourceTree = "<group>";
		};
		04008B922B6E4460003786FA /* LaunchScreen.storyboard */ = {
			isa = PBXVariantGroup;
			children = (
				04008B932B6E4460003786FA /* Base */,
			);
			name = LaunchScreen.storyboard;
			sourceTree = "<group>";
		};
/* End PBXVariantGroup section */

/* Begin XCBuildConfiguration section */
		04008B962B6E4460003786FA /* Debug */ = {
			isa = XCBuildConfiguration;
			buildSettings = {
				ALWAYS_SEARCH_USER_PATHS = NO;
				CLANG_ANALYZER_NONNULL = YES;
				CLANG_ANALYZER_NUMBER_OBJECT_CONVERSION = YES_AGGRESSIVE;
				CLANG_CXX_LANGUAGE_STANDARD = "gnu++17";
				CLANG_ENABLE_MODULES = YES;
				CLANG_ENABLE_OBJC_ARC = YES;
				CLANG_ENABLE_OBJC_WEAK = YES;
				CLANG_WARN_BLOCK_CAPTURE_AUTORELEASING = YES;
				CLANG_WARN_BOOL_CONVERSION = YES;
				CLANG_WARN_COMMA = YES;
				CLANG_WARN_CONSTANT_CONVERSION = YES;
				CLANG_WARN_DEPRECATED_OBJC_IMPLEMENTATIONS = YES;
				CLANG_WARN_DIRECT_OBJC_ISA_USAGE = YES_ERROR;
				CLANG_WARN_DOCUMENTATION_COMMENTS = YES;
				CLANG_WARN_EMPTY_BODY = YES;
				CLANG_WARN_ENUM_CONVERSION = YES;
				CLANG_WARN_INFINITE_RECURSION = YES;
				CLANG_WARN_INT_CONVERSION = YES;
				CLANG_WARN_NON_LITERAL_NULL_CONVERSION = YES;
				CLANG_WARN_OBJC_IMPLICIT_RETAIN_SELF = YES;
				CLANG_WARN_OBJC_LITERAL_CONVERSION = YES;
				CLANG_WARN_OBJC_ROOT_CLASS = YES_ERROR;
				CLANG_WARN_QUOTED_INCLUDE_IN_FRAMEWORK_HEADER = YES;
				CLANG_WARN_RANGE_LOOP_ANALYSIS = YES;
				CLANG_WARN_STRICT_PROTOTYPES = YES;
				CLANG_WARN_SUSPICIOUS_MOVE = YES;
				CLANG_WARN_UNGUARDED_AVAILABILITY = YES_AGGRESSIVE;
				CLANG_WARN_UNREACHABLE_CODE = YES;
				CLANG_WARN__DUPLICATE_METHOD_MATCH = YES;
				COPY_PHASE_STRIP = NO;
				DEBUG_INFORMATION_FORMAT = dwarf;
				ENABLE_STRICT_OBJC_MSGSEND = YES;
				ENABLE_TESTABILITY = YES;
				GCC_C_LANGUAGE_STANDARD = gnu11;
				GCC_DYNAMIC_NO_PIC = NO;
				GCC_NO_COMMON_BLOCKS = YES;
				GCC_OPTIMIZATION_LEVEL = 0;
				GCC_PREPROCESSOR_DEFINITIONS = (
					"DEBUG=1",
					"$(inherited)",
				);
				GCC_WARN_64_TO_32_BIT_CONVERSION = YES;
				GCC_WARN_ABOUT_RETURN_TYPE = YES_ERROR;
				GCC_WARN_UNDECLARED_SELECTOR = YES;
				GCC_WARN_UNINITIALIZED_AUTOS = YES_AGGRESSIVE;
				GCC_WARN_UNUSED_FUNCTION = YES;
				GCC_WARN_UNUSED_VARIABLE = YES;
				IPHONEOS_DEPLOYMENT_TARGET = 15.5;
				MTL_ENABLE_DEBUG_INFO = INCLUDE_SOURCE;
				MTL_FAST_MATH = YES;
				ONLY_ACTIVE_ARCH = YES;
				SDKROOT = iphoneos;
				SWIFT_ACTIVE_COMPILATION_CONDITIONS = DEBUG;
				SWIFT_OPTIMIZATION_LEVEL = "-Onone";
			};
			name = Debug;
		};
		04008B972B6E4460003786FA /* Release */ = {
			isa = XCBuildConfiguration;
			buildSettings = {
				ALWAYS_SEARCH_USER_PATHS = NO;
				CLANG_ANALYZER_NONNULL = YES;
				CLANG_ANALYZER_NUMBER_OBJECT_CONVERSION = YES_AGGRESSIVE;
				CLANG_CXX_LANGUAGE_STANDARD = "gnu++17";
				CLANG_ENABLE_MODULES = YES;
				CLANG_ENABLE_OBJC_ARC = YES;
				CLANG_ENABLE_OBJC_WEAK = YES;
				CLANG_WARN_BLOCK_CAPTURE_AUTORELEASING = YES;
				CLANG_WARN_BOOL_CONVERSION = YES;
				CLANG_WARN_COMMA = YES;
				CLANG_WARN_CONSTANT_CONVERSION = YES;
				CLANG_WARN_DEPRECATED_OBJC_IMPLEMENTATIONS = YES;
				CLANG_WARN_DIRECT_OBJC_ISA_USAGE = YES_ERROR;
				CLANG_WARN_DOCUMENTATION_COMMENTS = YES;
				CLANG_WARN_EMPTY_BODY = YES;
				CLANG_WARN_ENUM_CONVERSION = YES;
				CLANG_WARN_INFINITE_RECURSION = YES;
				CLANG_WARN_INT_CONVERSION = YES;
				CLANG_WARN_NON_LITERAL_NULL_CONVERSION = YES;
				CLANG_WARN_OBJC_IMPLICIT_RETAIN_SELF = YES;
				CLANG_WARN_OBJC_LITERAL_CONVERSION = YES;
				CLANG_WARN_OBJC_ROOT_CLASS = YES_ERROR;
				CLANG_WARN_QUOTED_INCLUDE_IN_FRAMEWORK_HEADER = YES;
				CLANG_WARN_RANGE_LOOP_ANALYSIS = YES;
				CLANG_WARN_STRICT_PROTOTYPES = YES;
				CLANG_WARN_SUSPICIOUS_MOVE = YES;
				CLANG_WARN_UNGUARDED_AVAILABILITY = YES_AGGRESSIVE;
				CLANG_WARN_UNREACHABLE_CODE = YES;
				CLANG_WARN__DUPLICATE_METHOD_MATCH = YES;
				COPY_PHASE_STRIP = NO;
				DEBUG_INFORMATION_FORMAT = "dwarf-with-dsym";
				ENABLE_NS_ASSERTIONS = NO;
				ENABLE_STRICT_OBJC_MSGSEND = YES;
				GCC_C_LANGUAGE_STANDARD = gnu11;
				GCC_NO_COMMON_BLOCKS = YES;
				GCC_WARN_64_TO_32_BIT_CONVERSION = YES;
				GCC_WARN_ABOUT_RETURN_TYPE = YES_ERROR;
				GCC_WARN_UNDECLARED_SELECTOR = YES;
				GCC_WARN_UNINITIALIZED_AUTOS = YES_AGGRESSIVE;
				GCC_WARN_UNUSED_FUNCTION = YES;
				GCC_WARN_UNUSED_VARIABLE = YES;
				IPHONEOS_DEPLOYMENT_TARGET = 15.5;
				MTL_ENABLE_DEBUG_INFO = NO;
				MTL_FAST_MATH = YES;
				SDKROOT = iphoneos;
				SWIFT_COMPILATION_MODE = wholemodule;
				SWIFT_OPTIMIZATION_LEVEL = "-O";
				VALIDATE_PRODUCT = YES;
			};
			name = Release;
		};
		04008B992B6E4460003786FA /* Debug */ = {
			isa = XCBuildConfiguration;
			buildSettings = {
				ASSETCATALOG_COMPILER_APPICON_NAME = AppIcon;
				ASSETCATALOG_COMPILER_GLOBAL_ACCENT_COLOR_NAME = AccentColor;
				CODE_SIGN_STYLE = Automatic;
				CURRENT_PROJECT_VERSION = 1;
				GENERATE_INFOPLIST_FILE = YES;
				INFOPLIST_FILE = MVVM_Demo_Practice/Info.plist;
				INFOPLIST_KEY_UIApplicationSupportsIndirectInputEvents = YES;
				INFOPLIST_KEY_UILaunchStoryboardName = LaunchScreen;
				INFOPLIST_KEY_UIMainStoryboardFile = Main;
				INFOPLIST_KEY_UISupportedInterfaceOrientations_iPad = "UIInterfaceOrientationPortrait UIInterfaceOrientationPortraitUpsideDown UIInterfaceOrientationLandscapeLeft UIInterfaceOrientationLandscapeRight";
				INFOPLIST_KEY_UISupportedInterfaceOrientations_iPhone = "UIInterfaceOrientationPortrait UIInterfaceOrientationLandscapeLeft UIInterfaceOrientationLandscapeRight";
				LD_RUNPATH_SEARCH_PATHS = (
					"$(inherited)",
					"@executable_path/Frameworks",
				);
				MARKETING_VERSION = 1.0;
				PRODUCT_BUNDLE_IDENTIFIER = "in.bitcode.MVVM-Demo-Practice";
				PRODUCT_NAME = "$(TARGET_NAME)";
				SWIFT_EMIT_LOC_STRINGS = YES;
				SWIFT_VERSION = 5.0;
				TARGETED_DEVICE_FAMILY = "1,2";
			};
			name = Debug;
		};
		04008B9A2B6E4460003786FA /* Release */ = {
			isa = XCBuildConfiguration;
			buildSettings = {
				ASSETCATALOG_COMPILER_APPICON_NAME = AppIcon;
				ASSETCATALOG_COMPILER_GLOBAL_ACCENT_COLOR_NAME = AccentColor;
				CODE_SIGN_STYLE = Automatic;
				CURRENT_PROJECT_VERSION = 1;
				GENERATE_INFOPLIST_FILE = YES;
				INFOPLIST_FILE = MVVM_Demo_Practice/Info.plist;
				INFOPLIST_KEY_UIApplicationSupportsIndirectInputEvents = YES;
				INFOPLIST_KEY_UILaunchStoryboardName = LaunchScreen;
				INFOPLIST_KEY_UIMainStoryboardFile = Main;
				INFOPLIST_KEY_UISupportedInterfaceOrientations_iPad = "UIInterfaceOrientationPortrait UIInterfaceOrientationPortraitUpsideDown UIInterfaceOrientationLandscapeLeft UIInterfaceOrientationLandscapeRight";
				INFOPLIST_KEY_UISupportedInterfaceOrientations_iPhone = "UIInterfaceOrientationPortrait UIInterfaceOrientationLandscapeLeft UIInterfaceOrientationLandscapeRight";
				LD_RUNPATH_SEARCH_PATHS = (
					"$(inherited)",
					"@executable_path/Frameworks",
				);
				MARKETING_VERSION = 1.0;
				PRODUCT_BUNDLE_IDENTIFIER = "in.bitcode.MVVM-Demo-Practice";
				PRODUCT_NAME = "$(TARGET_NAME)";
				SWIFT_EMIT_LOC_STRINGS = YES;
				SWIFT_VERSION = 5.0;
				TARGETED_DEVICE_FAMILY = "1,2";
			};
			name = Release;
		};
/* End XCBuildConfiguration section */

/* Begin XCConfigurationList section */
		04008B7F2B6E445F003786FA /* Build configuration list for PBXProject "MVVM_Demo_Practice" */ = {
			isa = XCConfigurationList;
			buildConfigurations = (
				04008B962B6E4460003786FA /* Debug */,
				04008B972B6E4460003786FA /* Release */,
			);
			defaultConfigurationIsVisible = 0;
			defaultConfigurationName = Release;
		};
		04008B982B6E4460003786FA /* Build configuration list for PBXNativeTarget "MVVM_Demo_Practice" */ = {
			isa = XCConfigurationList;
			buildConfigurations = (
				04008B992B6E4460003786FA /* Debug */,
				04008B9A2B6E4460003786FA /* Release */,
			);
			defaultConfigurationIsVisible = 0;
			defaultConfigurationName = Release;
		};
/* End XCConfigurationList section */

/* Begin XCRemoteSwiftPackageReference section */
		043C43862B70F58F007F4977 /* XCRemoteSwiftPackageReference "Kingfisher" */ = {
			isa = XCRemoteSwiftPackageReference;
			repositoryURL = "https://github.com/onevcat/Kingfisher";
			requirement = {
				branch = master;
				kind = branch;
			};
		};
/* End XCRemoteSwiftPackageReference section */

/* Begin XCSwiftPackageProductDependency section */
		043C43872B70F58F007F4977 /* Kingfisher */ = {
			isa = XCSwiftPackageProductDependency;
			package = 043C43862B70F58F007F4977 /* XCRemoteSwiftPackageReference "Kingfisher" */;
			productName = Kingfisher;
		};
/* End XCSwiftPackageProductDependency section */
	};
	rootObject = 04008B7C2B6E445F003786FA /* Project object */;
}
